
Microsoft Visual Studio Solution File, Format Version 12.00
# Visual Studio Version 16
VisualStudioVersion = 16.0.30114.105
MinimumVisualStudioVersion = 10.0.40219.1
Project("{FAE04EC0-301F-11D3-BF4B-00C04F79EFBC}") = "API", "API\API.csproj", "{A1E04EAF-19C2-4DBA-B9D7-495EACB9C4A2}"
EndProject
Project("{FAE04EC0-301F-11D3-BF4B-00C04F79EFBC}") = "Infrastructure", "Infrastructure\Infrastructure.csproj", "{3DAD9536-44D4-44D7-AE45-615A3F08C929}"
EndProject
Project("{FAE04EC0-301F-11D3-BF4B-00C04F79EFBC}") = "Core", "Core\Core.csproj", "{1F7FF8FD-E1B9-4222-BE1C-CD1C2D14B49E}"
EndProject
Global
	GlobalSection(SolutionConfigurationPlatforms) = preSolution
		Debug|Any CPU = Debug|Any CPU
		Release|Any CPU = Release|Any CPU
	EndGlobalSection
	GlobalSection(SolutionProperties) = preSolution
		HideSolutionNode = FALSE
	EndGlobalSection
	GlobalSection(ProjectConfigurationPlatforms) = postSolution
		{A1E04EAF-19C2-4DBA-B9D7-495EACB9C4A2}.Debug|Any CPU.ActiveCfg = Debug|Any CPU
		{A1E04EAF-19C2-4DBA-B9D7-495EACB9C4A2}.Debug|Any CPU.Build.0 = Debug|Any CPU
		{A1E04EAF-19C2-4DBA-B9D7-495EACB9C4A2}.Release|Any CPU.ActiveCfg = Release|Any CPU
		{A1E04EAF-19C2-4DBA-B9D7-495EACB9C4A2}.Release|Any CPU.Build.0 = Release|Any CPU
		{3DAD9536-44D4-44D7-AE45-615A3F08C929}.Debug|Any CPU.ActiveCfg = Debug|Any CPU
		{3DAD9536-44D4-44D7-AE45-615A3F08C929}.Debug|Any CPU.Build.0 = Debug|Any CPU
		{3DAD9536-44D4-44D7-AE45-615A3F08C929}.Release|Any CPU.ActiveCfg = Release|Any CPU
		{3DAD9536-44D4-44D7-AE45-615A3F08C929}.Release|Any CPU.Build.0 = Release|Any CPU
		{1F7FF8FD-E1B9-4222-BE1C-CD1C2D14B49E}.Debug|Any CPU.ActiveCfg = Debug|Any CPU
		{1F7FF8FD-E1B9-4222-BE1C-CD1C2D14B49E}.Debug|Any CPU.Build.0 = Debug|Any CPU
		{1F7FF8FD-E1B9-4222-BE1C-CD1C2D14B49E}.Release|Any CPU.ActiveCfg = Release|Any CPU
		{1F7FF8FD-E1B9-4222-BE1C-CD1C2D14B49E}.Release|Any CPU.Build.0 = Release|Any CPU
	EndGlobalSection
EndGlobal
